
Microsoft Visual Studio Solution File, Format Version 12.00
# Visual Studio 15
VisualStudioVersion = 15.0.26124.0
MinimumVisualStudioVersion = 15.0.26124.0
Project("{FAE04EC0-301F-11D3-BF4B-00C04F79EFBC}") = "SerializingFileAccess.Abstractions", "SerializingFileAccess.Abstractions\Olo42.SerializingFileAccess.Abstractions.csproj", "{2BF6873C-0C41-4B5C-83CE-34D12431E6DC}"
EndProject
Project("{FAE04EC0-301F-11D3-BF4B-00C04F79EFBC}") = "Olo42.SerializingFileAccess.Tests", "SerializingFileAccess.Tests\Olo42.SerializingFileAccess.Tests.csproj", "{8E4C1FE7-56B4-4A73-AEFC-7DC50EF1591F}"
EndProject
Project("{FAE04EC0-301F-11D3-BF4B-00C04F79EFBC}") = "Olo42.SerializingFileAccess", "SerializingFileAccess\Olo42.SerializingFileAccess.csproj", "{4259613A-42F6-40EA-A750-5832334D6E48}"
EndProject
Global
	GlobalSection(SolutionConfigurationPlatforms) = preSolution
		Debug|Any CPU = Debug|Any CPU
		Debug|x64 = Debug|x64
		Debug|x86 = Debug|x86
		Release|Any CPU = Release|Any CPU
		Release|x64 = Release|x64
		Release|x86 = Release|x86
	EndGlobalSection
	GlobalSection(SolutionProperties) = preSolution
		HideSolutionNode = FALSE
	EndGlobalSection
	GlobalSection(ProjectConfigurationPlatforms) = postSolution
		{2BF6873C-0C41-4B5C-83CE-34D12431E6DC}.Debug|Any CPU.ActiveCfg = Debug|Any CPU
		{2BF6873C-0C41-4B5C-83CE-34D12431E6DC}.Debug|Any CPU.Build.0 = Debug|Any CPU
		{2BF6873C-0C41-4B5C-83CE-34D12431E6DC}.Debug|x64.ActiveCfg = Debug|Any CPU
		{2BF6873C-0C41-4B5C-83CE-34D12431E6DC}.Debug|x64.Build.0 = Debug|Any CPU
		{2BF6873C-0C41-4B5C-83CE-34D12431E6DC}.Debug|x86.ActiveCfg = Debug|Any CPU
		{2BF6873C-0C41-4B5C-83CE-34D12431E6DC}.Debug|x86.Build.0 = Debug|Any CPU
		{2BF6873C-0C41-4B5C-83CE-34D12431E6DC}.Release|Any CPU.ActiveCfg = Release|Any CPU
		{2BF6873C-0C41-4B5C-83CE-34D12431E6DC}.Release|Any CPU.Build.0 = Release|Any CPU
		{2BF6873C-0C41-4B5C-83CE-34D12431E6DC}.Release|x64.ActiveCfg = Release|Any CPU
		{2BF6873C-0C41-4B5C-83CE-34D12431E6DC}.Release|x64.Build.0 = Release|Any CPU
		{2BF6873C-0C41-4B5C-83CE-34D12431E6DC}.Release|x86.ActiveCfg = Release|Any CPU
		{2BF6873C-0C41-4B5C-83CE-34D12431E6DC}.Release|x86.Build.0 = Release|Any CPU
		{8E4C1FE7-56B4-4A73-AEFC-7DC50EF1591F}.Debug|Any CPU.ActiveCfg = Debug|Any CPU
		{8E4C1FE7-56B4-4A73-AEFC-7DC50EF1591F}.Debug|Any CPU.Build.0 = Debug|Any CPU
		{8E4C1FE7-56B4-4A73-AEFC-7DC50EF1591F}.Debug|x64.ActiveCfg = Debug|Any CPU
		{8E4C1FE7-56B4-4A73-AEFC-7DC50EF1591F}.Debug|x64.Build.0 = Debug|Any CPU
		{8E4C1FE7-56B4-4A73-AEFC-7DC50EF1591F}.Debug|x86.ActiveCfg = Debug|Any CPU
		{8E4C1FE7-56B4-4A73-AEFC-7DC50EF1591F}.Debug|x86.Build.0 = Debug|Any CPU
		{8E4C1FE7-56B4-4A73-AEFC-7DC50EF1591F}.Release|Any CPU.ActiveCfg = Release|Any CPU
		{8E4C1FE7-56B4-4A73-AEFC-7DC50EF1591F}.Release|Any CPU.Build.0 = Release|Any CPU
		{8E4C1FE7-56B4-4A73-AEFC-7DC50EF1591F}.Release|x64.ActiveCfg = Release|Any CPU
		{8E4C1FE7-56B4-4A73-AEFC-7DC50EF1591F}.Release|x64.Build.0 = Release|Any CPU
		{8E4C1FE7-56B4-4A73-AEFC-7DC50EF1591F}.Release|x86.ActiveCfg = Release|Any CPU
		{8E4C1FE7-56B4-4A73-AEFC-7DC50EF1591F}.Release|x86.Build.0 = Release|Any CPU
		{4259613A-42F6-40EA-A750-5832334D6E48}.Debug|Any CPU.ActiveCfg = Debug|Any CPU
		{4259613A-42F6-40EA-A750-5832334D6E48}.Debug|Any CPU.Build.0 = Debug|Any CPU
		{4259613A-42F6-40EA-A750-5832334D6E48}.Debug|x64.ActiveCfg = Debug|Any CPU
		{4259613A-42F6-40EA-A750-5832334D6E48}.Debug|x64.Build.0 = Debug|Any CPU
		{4259613A-42F6-40EA-A750-5832334D6E48}.Debug|x86.ActiveCfg = Debug|Any CPU
		{4259613A-42F6-40EA-A750-5832334D6E48}.Debug|x86.Build.0 = Debug|Any CPU
		{4259613A-42F6-40EA-A750-5832334D6E48}.Release|Any CPU.ActiveCfg = Release|Any CPU
		{4259613A-42F6-40EA-A750-5832334D6E48}.Release|Any CPU.Build.0 = Release|Any CPU
		{4259613A-42F6-40EA-A750-5832334D6E48}.Release|x64.ActiveCfg = Release|Any CPU
		{4259613A-42F6-40EA-A750-5832334D6E48}.Release|x64.Build.0 = Release|Any CPU
		{4259613A-42F6-40EA-A750-5832334D6E48}.Release|x86.ActiveCfg = Release|Any CPU
		{4259613A-42F6-40EA-A750-5832334D6E48}.Release|x86.Build.0 = Release|Any CPU
	EndGlobalSection
EndGlobal
