
Microsoft Visual Studio Solution File, Format Version 12.00
# Visual Studio 15
VisualStudioVersion = 15.0.26124.0
MinimumVisualStudioVersion = 15.0.26124.0
Project("{2150E333-8FDC-42A3-9474-1A3956D46DE8}") = "Crypto", "Crypto", "{AFD1B127-EF5F-47E3-808F-29DB0C34A87C}"
EndProject
Project("{FAE04EC0-301F-11D3-BF4B-00C04F79EFBC}") = "Olo42.SFS.Crypto.Abstractions", "Crypto\Abstractions\Olo42.SFS.Crypto.Abstractions.csproj", "{358A9906-CD56-4C3B-A49F-91767BB4BEC5}"
EndProject
Project("{2150E333-8FDC-42A3-9474-1A3956D46DE8}") = "FileAccess", "FileAccess", "{3F9329B2-D02B-4283-BE17-C38E21947B0F}"
EndProject
Project("{FAE04EC0-301F-11D3-BF4B-00C04F79EFBC}") = "Olo42.SFS.FileAccess.Abstractions", "FileAccess\Abstractions\Olo42.SFS.FileAccess.Abstractions.csproj", "{DC659317-6639-49B3-9BF2-34638FA2A9B5}"
EndProject
Project("{2150E333-8FDC-42A3-9474-1A3956D46DE8}") = "Repository", "Repository", "{958B6574-1E3B-4E7F-86A5-F98F2728B2BE}"
EndProject
Project("{FAE04EC0-301F-11D3-BF4B-00C04F79EFBC}") = "Olo42.SFS.Repository.Abstractions", "Repository\Abstractions\Olo42.SFS.Repository.Abstractions.csproj", "{86EB2700-2D32-4B44-974E-C47F15C28225}"
EndProject
Project("{FAE04EC0-301F-11D3-BF4B-00C04F79EFBC}") = "Olo42.SFS.Repository.Repository", "Repository\Repository\Olo42.SFS.Repository.csproj", "{C3933BE5-8DF0-4656-8BAB-3FD72A607820}"
EndProject
Project("{FAE04EC0-301F-11D3-BF4B-00C04F79EFBC}") = "Olo42.SFS.Repository.Tests", "Repository\Tests\Olo42.SFS.Repository.Tests.csproj", "{6E7A4384-147A-49B3-B88C-1D74DA0520E6}"
EndProject
Project("{2150E333-8FDC-42A3-9474-1A3956D46DE8}") = "Serialisation", "Serialisation", "{3CD55C60-0ABC-48E6-8013-5053184004AD}"
EndProject
Project("{FAE04EC0-301F-11D3-BF4B-00C04F79EFBC}") = "Olo42.SFS.Serialisation.Abstractions", "Serialisation\Abstractions\Olo42.SFS.Serialisation.Abstractions.csproj", "{C3208441-58C0-4604-9FD5-F44AEEB24C56}"
EndProject
Project("{FAE04EC0-301F-11D3-BF4B-00C04F79EFBC}") = "Olo42.SFS.Serialisation.Json", "Serialisation\Json\Olo42.SFS.Serialisation.Json.csproj", "{671DE8E2-302B-46A9-AC6F-296784B8B575}"
EndProject
Project("{FAE04EC0-301F-11D3-BF4B-00C04F79EFBC}") = "Olo42.SFS.Serialisation.Json.Tests", "Serialisation\Json.Tests\Olo42.SFS.Serialisation.Json.Tests.csproj", "{83C38DA0-26F9-45D2-85F7-B1F9C936297A}"
EndProject
Project("{FAE04EC0-301F-11D3-BF4B-00C04F79EFBC}") = "Olo42.SFS.FileAccess.Filesystem", "FileAccess\Filesystem\Olo42.SFS.FileAccess.Filesystem.csproj", "{3E3DB23C-26F5-49A2-AA41-6E8BF2CD0A61}"
EndProject
Project("{FAE04EC0-301F-11D3-BF4B-00C04F79EFBC}") = "Olo42.SFS.FileAccess.Filesystem.Tests", "FileAccess\Filesystem.Tests\Olo42.SFS.FileAccess.Filesystem.Tests.csproj", "{82E05D86-08B2-4E5B-9963-F559D75BD77B}"
EndProject
Global
	GlobalSection(SolutionConfigurationPlatforms) = preSolution
		Debug|Any CPU = Debug|Any CPU
		Debug|x64 = Debug|x64
		Debug|x86 = Debug|x86
		Release|Any CPU = Release|Any CPU
		Release|x64 = Release|x64
		Release|x86 = Release|x86
	EndGlobalSection
	GlobalSection(SolutionProperties) = preSolution
		
		HideSolutionNode = FALSE
	EndGlobalSection
	GlobalSection(ProjectConfigurationPlatforms) = postSolution
		{358A9906-CD56-4C3B-A49F-91767BB4BEC5}.Debug|Any CPU.ActiveCfg = Debug|Any CPU
		{358A9906-CD56-4C3B-A49F-91767BB4BEC5}.Debug|Any CPU.Build.0 = Debug|Any CPU
		{358A9906-CD56-4C3B-A49F-91767BB4BEC5}.Debug|x64.ActiveCfg = Debug|Any CPU
		{358A9906-CD56-4C3B-A49F-91767BB4BEC5}.Debug|x64.Build.0 = Debug|Any CPU
		{358A9906-CD56-4C3B-A49F-91767BB4BEC5}.Debug|x86.ActiveCfg = Debug|Any CPU
		{358A9906-CD56-4C3B-A49F-91767BB4BEC5}.Debug|x86.Build.0 = Debug|Any CPU
		{358A9906-CD56-4C3B-A49F-91767BB4BEC5}.Release|Any CPU.ActiveCfg = Release|Any CPU
		{358A9906-CD56-4C3B-A49F-91767BB4BEC5}.Release|Any CPU.Build.0 = Release|Any CPU
		{358A9906-CD56-4C3B-A49F-91767BB4BEC5}.Release|x64.ActiveCfg = Release|Any CPU
		{358A9906-CD56-4C3B-A49F-91767BB4BEC5}.Release|x64.Build.0 = Release|Any CPU
		{358A9906-CD56-4C3B-A49F-91767BB4BEC5}.Release|x86.ActiveCfg = Release|Any CPU
		{358A9906-CD56-4C3B-A49F-91767BB4BEC5}.Release|x86.Build.0 = Release|Any CPU
		{DC659317-6639-49B3-9BF2-34638FA2A9B5}.Debug|Any CPU.ActiveCfg = Debug|Any CPU
		{DC659317-6639-49B3-9BF2-34638FA2A9B5}.Debug|Any CPU.Build.0 = Debug|Any CPU
		{DC659317-6639-49B3-9BF2-34638FA2A9B5}.Debug|x64.ActiveCfg = Debug|Any CPU
		{DC659317-6639-49B3-9BF2-34638FA2A9B5}.Debug|x64.Build.0 = Debug|Any CPU
		{DC659317-6639-49B3-9BF2-34638FA2A9B5}.Debug|x86.ActiveCfg = Debug|Any CPU
		{DC659317-6639-49B3-9BF2-34638FA2A9B5}.Debug|x86.Build.0 = Debug|Any CPU
		{DC659317-6639-49B3-9BF2-34638FA2A9B5}.Release|Any CPU.ActiveCfg = Release|Any CPU
		{DC659317-6639-49B3-9BF2-34638FA2A9B5}.Release|Any CPU.Build.0 = Release|Any CPU
		{DC659317-6639-49B3-9BF2-34638FA2A9B5}.Release|x64.ActiveCfg = Release|Any CPU
		{DC659317-6639-49B3-9BF2-34638FA2A9B5}.Release|x64.Build.0 = Release|Any CPU
		{DC659317-6639-49B3-9BF2-34638FA2A9B5}.Release|x86.ActiveCfg = Release|Any CPU
		{DC659317-6639-49B3-9BF2-34638FA2A9B5}.Release|x86.Build.0 = Release|Any CPU
		{86EB2700-2D32-4B44-974E-C47F15C28225}.Debug|Any CPU.ActiveCfg = Debug|Any CPU
		{86EB2700-2D32-4B44-974E-C47F15C28225}.Debug|Any CPU.Build.0 = Debug|Any CPU
		{86EB2700-2D32-4B44-974E-C47F15C28225}.Debug|x64.ActiveCfg = Debug|Any CPU
		{86EB2700-2D32-4B44-974E-C47F15C28225}.Debug|x64.Build.0 = Debug|Any CPU
		{86EB2700-2D32-4B44-974E-C47F15C28225}.Debug|x86.ActiveCfg = Debug|Any CPU
		{86EB2700-2D32-4B44-974E-C47F15C28225}.Debug|x86.Build.0 = Debug|Any CPU
		{86EB2700-2D32-4B44-974E-C47F15C28225}.Release|Any CPU.ActiveCfg = Release|Any CPU
		{86EB2700-2D32-4B44-974E-C47F15C28225}.Release|Any CPU.Build.0 = Release|Any CPU
		{86EB2700-2D32-4B44-974E-C47F15C28225}.Release|x64.ActiveCfg = Release|Any CPU
		{86EB2700-2D32-4B44-974E-C47F15C28225}.Release|x64.Build.0 = Release|Any CPU
		{86EB2700-2D32-4B44-974E-C47F15C28225}.Release|x86.ActiveCfg = Release|Any CPU
		{86EB2700-2D32-4B44-974E-C47F15C28225}.Release|x86.Build.0 = Release|Any CPU
		{C3933BE5-8DF0-4656-8BAB-3FD72A607820}.Debug|Any CPU.ActiveCfg = Debug|Any CPU
		{C3933BE5-8DF0-4656-8BAB-3FD72A607820}.Debug|Any CPU.Build.0 = Debug|Any CPU
		{C3933BE5-8DF0-4656-8BAB-3FD72A607820}.Debug|x64.ActiveCfg = Debug|Any CPU
		{C3933BE5-8DF0-4656-8BAB-3FD72A607820}.Debug|x64.Build.0 = Debug|Any CPU
		{C3933BE5-8DF0-4656-8BAB-3FD72A607820}.Debug|x86.ActiveCfg = Debug|Any CPU
		{C3933BE5-8DF0-4656-8BAB-3FD72A607820}.Debug|x86.Build.0 = Debug|Any CPU
		{C3933BE5-8DF0-4656-8BAB-3FD72A607820}.Release|Any CPU.ActiveCfg = Release|Any CPU
		{C3933BE5-8DF0-4656-8BAB-3FD72A607820}.Release|Any CPU.Build.0 = Release|Any CPU
		{C3933BE5-8DF0-4656-8BAB-3FD72A607820}.Release|x64.ActiveCfg = Release|Any CPU
		{C3933BE5-8DF0-4656-8BAB-3FD72A607820}.Release|x64.Build.0 = Release|Any CPU
		{C3933BE5-8DF0-4656-8BAB-3FD72A607820}.Release|x86.ActiveCfg = Release|Any CPU
		{C3933BE5-8DF0-4656-8BAB-3FD72A607820}.Release|x86.Build.0 = Release|Any CPU
		{6E7A4384-147A-49B3-B88C-1D74DA0520E6}.Debug|Any CPU.ActiveCfg = Debug|Any CPU
		{6E7A4384-147A-49B3-B88C-1D74DA0520E6}.Debug|Any CPU.Build.0 = Debug|Any CPU
		{6E7A4384-147A-49B3-B88C-1D74DA0520E6}.Debug|x64.ActiveCfg = Debug|Any CPU
		{6E7A4384-147A-49B3-B88C-1D74DA0520E6}.Debug|x64.Build.0 = Debug|Any CPU
		{6E7A4384-147A-49B3-B88C-1D74DA0520E6}.Debug|x86.ActiveCfg = Debug|Any CPU
		{6E7A4384-147A-49B3-B88C-1D74DA0520E6}.Debug|x86.Build.0 = Debug|Any CPU
		{6E7A4384-147A-49B3-B88C-1D74DA0520E6}.Release|Any CPU.ActiveCfg = Release|Any CPU
		{6E7A4384-147A-49B3-B88C-1D74DA0520E6}.Release|Any CPU.Build.0 = Release|Any CPU
		{6E7A4384-147A-49B3-B88C-1D74DA0520E6}.Release|x64.ActiveCfg = Release|Any CPU
		{6E7A4384-147A-49B3-B88C-1D74DA0520E6}.Release|x64.Build.0 = Release|Any CPU
		{6E7A4384-147A-49B3-B88C-1D74DA0520E6}.Release|x86.ActiveCfg = Release|Any CPU
		{6E7A4384-147A-49B3-B88C-1D74DA0520E6}.Release|x86.Build.0 = Release|Any CPU
		{C3208441-58C0-4604-9FD5-F44AEEB24C56}.Debug|Any CPU.ActiveCfg = Debug|Any CPU
		{C3208441-58C0-4604-9FD5-F44AEEB24C56}.Debug|Any CPU.Build.0 = Debug|Any CPU
		{C3208441-58C0-4604-9FD5-F44AEEB24C56}.Debug|x64.ActiveCfg = Debug|Any CPU
		{C3208441-58C0-4604-9FD5-F44AEEB24C56}.Debug|x64.Build.0 = Debug|Any CPU
		{C3208441-58C0-4604-9FD5-F44AEEB24C56}.Debug|x86.ActiveCfg = Debug|Any CPU
		{C3208441-58C0-4604-9FD5-F44AEEB24C56}.Debug|x86.Build.0 = Debug|Any CPU
		{C3208441-58C0-4604-9FD5-F44AEEB24C56}.Release|Any CPU.ActiveCfg = Release|Any CPU
		{C3208441-58C0-4604-9FD5-F44AEEB24C56}.Release|Any CPU.Build.0 = Release|Any CPU
		{C3208441-58C0-4604-9FD5-F44AEEB24C56}.Release|x64.ActiveCfg = Release|Any CPU
		{C3208441-58C0-4604-9FD5-F44AEEB24C56}.Release|x64.Build.0 = Release|Any CPU
		{C3208441-58C0-4604-9FD5-F44AEEB24C56}.Release|x86.ActiveCfg = Release|Any CPU
		{C3208441-58C0-4604-9FD5-F44AEEB24C56}.Release|x86.Build.0 = Release|Any CPU
		{671DE8E2-302B-46A9-AC6F-296784B8B575}.Debug|Any CPU.ActiveCfg = Debug|Any CPU
		{671DE8E2-302B-46A9-AC6F-296784B8B575}.Debug|Any CPU.Build.0 = Debug|Any CPU
		{671DE8E2-302B-46A9-AC6F-296784B8B575}.Debug|x64.ActiveCfg = Debug|Any CPU
		{671DE8E2-302B-46A9-AC6F-296784B8B575}.Debug|x64.Build.0 = Debug|Any CPU
		{671DE8E2-302B-46A9-AC6F-296784B8B575}.Debug|x86.ActiveCfg = Debug|Any CPU
		{671DE8E2-302B-46A9-AC6F-296784B8B575}.Debug|x86.Build.0 = Debug|Any CPU
		{671DE8E2-302B-46A9-AC6F-296784B8B575}.Release|Any CPU.ActiveCfg = Release|Any CPU
		{671DE8E2-302B-46A9-AC6F-296784B8B575}.Release|Any CPU.Build.0 = Release|Any CPU
		{671DE8E2-302B-46A9-AC6F-296784B8B575}.Release|x64.ActiveCfg = Release|Any CPU
		{671DE8E2-302B-46A9-AC6F-296784B8B575}.Release|x64.Build.0 = Release|Any CPU
		{671DE8E2-302B-46A9-AC6F-296784B8B575}.Release|x86.ActiveCfg = Release|Any CPU
		{671DE8E2-302B-46A9-AC6F-296784B8B575}.Release|x86.Build.0 = Release|Any CPU
		{83C38DA0-26F9-45D2-85F7-B1F9C936297A}.Debug|Any CPU.ActiveCfg = Debug|Any CPU
		{83C38DA0-26F9-45D2-85F7-B1F9C936297A}.Debug|Any CPU.Build.0 = Debug|Any CPU
		{83C38DA0-26F9-45D2-85F7-B1F9C936297A}.Debug|x64.ActiveCfg = Debug|Any CPU
		{83C38DA0-26F9-45D2-85F7-B1F9C936297A}.Debug|x64.Build.0 = Debug|Any CPU
		{83C38DA0-26F9-45D2-85F7-B1F9C936297A}.Debug|x86.ActiveCfg = Debug|Any CPU
		{83C38DA0-26F9-45D2-85F7-B1F9C936297A}.Debug|x86.Build.0 = Debug|Any CPU
		{83C38DA0-26F9-45D2-85F7-B1F9C936297A}.Release|Any CPU.ActiveCfg = Release|Any CPU
		{83C38DA0-26F9-45D2-85F7-B1F9C936297A}.Release|Any CPU.Build.0 = Release|Any CPU
		{83C38DA0-26F9-45D2-85F7-B1F9C936297A}.Release|x64.ActiveCfg = Release|Any CPU
		{83C38DA0-26F9-45D2-85F7-B1F9C936297A}.Release|x64.Build.0 = Release|Any CPU
		{83C38DA0-26F9-45D2-85F7-B1F9C936297A}.Release|x86.ActiveCfg = Release|Any CPU
		{83C38DA0-26F9-45D2-85F7-B1F9C936297A}.Release|x86.Build.0 = Release|Any CPU
		{3E3DB23C-26F5-49A2-AA41-6E8BF2CD0A61}.Debug|Any CPU.ActiveCfg = Debug|Any CPU
		{3E3DB23C-26F5-49A2-AA41-6E8BF2CD0A61}.Debug|Any CPU.Build.0 = Debug|Any CPU
		{3E3DB23C-26F5-49A2-AA41-6E8BF2CD0A61}.Debug|x64.ActiveCfg = Debug|Any CPU
		{3E3DB23C-26F5-49A2-AA41-6E8BF2CD0A61}.Debug|x64.Build.0 = Debug|Any CPU
		{3E3DB23C-26F5-49A2-AA41-6E8BF2CD0A61}.Debug|x86.ActiveCfg = Debug|Any CPU
		{3E3DB23C-26F5-49A2-AA41-6E8BF2CD0A61}.Debug|x86.Build.0 = Debug|Any CPU
		{3E3DB23C-26F5-49A2-AA41-6E8BF2CD0A61}.Release|Any CPU.ActiveCfg = Release|Any CPU
		{3E3DB23C-26F5-49A2-AA41-6E8BF2CD0A61}.Release|Any CPU.Build.0 = Release|Any CPU
		{3E3DB23C-26F5-49A2-AA41-6E8BF2CD0A61}.Release|x64.ActiveCfg = Release|Any CPU
		{3E3DB23C-26F5-49A2-AA41-6E8BF2CD0A61}.Release|x64.Build.0 = Release|Any CPU
		{3E3DB23C-26F5-49A2-AA41-6E8BF2CD0A61}.Release|x86.ActiveCfg = Release|Any CPU
		{3E3DB23C-26F5-49A2-AA41-6E8BF2CD0A61}.Release|x86.Build.0 = Release|Any CPU
		{82E05D86-08B2-4E5B-9963-F559D75BD77B}.Debug|Any CPU.ActiveCfg = Debug|Any CPU
		{82E05D86-08B2-4E5B-9963-F559D75BD77B}.Debug|Any CPU.Build.0 = Debug|Any CPU
		{82E05D86-08B2-4E5B-9963-F559D75BD77B}.Debug|x64.ActiveCfg = Debug|Any CPU
		{82E05D86-08B2-4E5B-9963-F559D75BD77B}.Debug|x64.Build.0 = Debug|Any CPU
		{82E05D86-08B2-4E5B-9963-F559D75BD77B}.Debug|x86.ActiveCfg = Debug|Any CPU
		{82E05D86-08B2-4E5B-9963-F559D75BD77B}.Debug|x86.Build.0 = Debug|Any CPU
		{82E05D86-08B2-4E5B-9963-F559D75BD77B}.Release|Any CPU.ActiveCfg = Release|Any CPU
		{82E05D86-08B2-4E5B-9963-F559D75BD77B}.Release|Any CPU.Build.0 = Release|Any CPU
		{82E05D86-08B2-4E5B-9963-F559D75BD77B}.Release|x64.ActiveCfg = Release|Any CPU
		{82E05D86-08B2-4E5B-9963-F559D75BD77B}.Release|x64.Build.0 = Release|Any CPU
		{82E05D86-08B2-4E5B-9963-F559D75BD77B}.Release|x86.ActiveCfg = Release|Any CPU
		{82E05D86-08B2-4E5B-9963-F559D75BD77B}.Release|x86.Build.0 = Release|Any CPU
	EndGlobalSection
	GlobalSection(NestedProjects) = preSolution
		{358A9906-CD56-4C3B-A49F-91767BB4BEC5} = {AFD1B127-EF5F-47E3-808F-29DB0C34A87C}
		{DC659317-6639-49B3-9BF2-34638FA2A9B5} = {3F9329B2-D02B-4283-BE17-C38E21947B0F}
		{86EB2700-2D32-4B44-974E-C47F15C28225} = {958B6574-1E3B-4E7F-86A5-F98F2728B2BE}
		{C3933BE5-8DF0-4656-8BAB-3FD72A607820} = {958B6574-1E3B-4E7F-86A5-F98F2728B2BE}
		{6E7A4384-147A-49B3-B88C-1D74DA0520E6} = {958B6574-1E3B-4E7F-86A5-F98F2728B2BE}
		{C3208441-58C0-4604-9FD5-F44AEEB24C56} = {3CD55C60-0ABC-48E6-8013-5053184004AD}
		{671DE8E2-302B-46A9-AC6F-296784B8B575} = {3CD55C60-0ABC-48E6-8013-5053184004AD}
		{83C38DA0-26F9-45D2-85F7-B1F9C936297A} = {3CD55C60-0ABC-48E6-8013-5053184004AD}
		{3E3DB23C-26F5-49A2-AA41-6E8BF2CD0A61} = {3F9329B2-D02B-4283-BE17-C38E21947B0F}
		{82E05D86-08B2-4E5B-9963-F559D75BD77B} = {3F9329B2-D02B-4283-BE17-C38E21947B0F}
	EndGlobalSection
EndGlobal
