
Microsoft Visual Studio Solution File, Format Version 12.00
# Visual Studio 15
VisualStudioVersion = 15.0.26124.0
MinimumVisualStudioVersion = 15.0.26124.0
Project("{FAE04EC0-301F-11D3-BF4B-00C04F79EFBC}") = "SerializingFileStorage.Abstractions", "FileStorage\SerializingFileStorage.Abstractions\Olo42.SerializingFileStorage.Abstractions.csproj", "{2BF6873C-0C41-4B5C-83CE-34D12431E6DC}"
EndProject
Project("{FAE04EC0-301F-11D3-BF4B-00C04F79EFBC}") = "Olo42.SerializingFileStorage.Tests", "FileStorage\SerializingFileStorage.Tests\Olo42.SerializingFileStorage.Tests.csproj", "{8E4C1FE7-56B4-4A73-AEFC-7DC50EF1591F}"
EndProject
Project("{FAE04EC0-301F-11D3-BF4B-00C04F79EFBC}") = "Olo42.SerializingFileStorage", "FileStorage\SerializingFileStorage\Olo42.SerializingFileStorage.csproj", "{4259613A-42F6-40EA-A750-5832334D6E48}"
EndProject
Project("{FAE04EC0-301F-11D3-BF4B-00C04F79EFBC}") = "Olo42.SerializingFileStorage.CryptoProvider.Abstractions", "CryptoProvider\SerializingFileStorage.CryptoProvider.Abstractions\Olo42.SerializingFileStorage.CryptoProvider.Abstractions.csproj", "{1229CAB5-0201-4670-B2CF-EC4F3339B8AF}"
EndProject
Project("{FAE04EC0-301F-11D3-BF4B-00C04F79EFBC}") = "Olo42.SerializingFileStorage.FileAccessProvider.Abstractions", "FileAccessProvider\SerializingFileStorage.FileAccessProvider.Abstractions\Olo42.SerializingFileStorage.FileAccessProvider.Abstractions.csproj", "{3ABA50FB-F9CC-4620-B10F-233C499630B7}"
EndProject
Project("{FAE04EC0-301F-11D3-BF4B-00C04F79EFBC}") = "Olo42.SerializingFileStorage.SerialisationProvider.Abstractions", "SerialisationProvider\SerializingFileStorage.SerialisationProvider.Abstractions\Olo42.SerializingFileStorage.SerialisationProvider.Abstractions.csproj", "{CA34D37E-D672-47A4-8056-D7C1C36D1E80}"
EndProject
Project("{2150E333-8FDC-42A3-9474-1A3956D46DE8}") = "SerialisationProvider", "SerialisationProvider", "{9B20FDDC-0B96-48FC-8644-BA833E89F1DD}"
EndProject
Project("{FAE04EC0-301F-11D3-BF4B-00C04F79EFBC}") = "Olo42.SerializingFileStorage.SerialisationProvider.Json", "SerialisationProvider\SerializingFileStorage.SerialisationProvider.Json\Olo42.SerializingFileStorage.SerialisationProvider.Json.csproj", "{2F287059-93CB-4D59-8902-4BA86663847A}"
EndProject
Project("{FAE04EC0-301F-11D3-BF4B-00C04F79EFBC}") = "Olo42.SerializingFileStorage.SerialisationProvider.Json.Tests", "SerialisationProvider\SerializingFileStorage.SerialisationProvider.Json.Tests\Olo42.SerializingFileStorage.SerialisationProvider.Json.Tests.csproj", "{B9E24D38-DB3C-4EF2-BE4F-D0652E1DA3CB}"
EndProject
Global
	GlobalSection(SolutionConfigurationPlatforms) = preSolution
		Debug|Any CPU = Debug|Any CPU
		Debug|x64 = Debug|x64
		Debug|x86 = Debug|x86
		Release|Any CPU = Release|Any CPU
		Release|x64 = Release|x64
		Release|x86 = Release|x86
	EndGlobalSection
	GlobalSection(SolutionProperties) = preSolution
		HideSolutionNode = FALSE
	EndGlobalSection
	GlobalSection(ProjectConfigurationPlatforms) = postSolution
		{2BF6873C-0C41-4B5C-83CE-34D12431E6DC}.Debug|Any CPU.ActiveCfg = Debug|Any CPU
		{2BF6873C-0C41-4B5C-83CE-34D12431E6DC}.Debug|Any CPU.Build.0 = Debug|Any CPU
		{2BF6873C-0C41-4B5C-83CE-34D12431E6DC}.Debug|x64.ActiveCfg = Debug|Any CPU
		{2BF6873C-0C41-4B5C-83CE-34D12431E6DC}.Debug|x64.Build.0 = Debug|Any CPU
		{2BF6873C-0C41-4B5C-83CE-34D12431E6DC}.Debug|x86.ActiveCfg = Debug|Any CPU
		{2BF6873C-0C41-4B5C-83CE-34D12431E6DC}.Debug|x86.Build.0 = Debug|Any CPU
		{2BF6873C-0C41-4B5C-83CE-34D12431E6DC}.Release|Any CPU.ActiveCfg = Release|Any CPU
		{2BF6873C-0C41-4B5C-83CE-34D12431E6DC}.Release|Any CPU.Build.0 = Release|Any CPU
		{2BF6873C-0C41-4B5C-83CE-34D12431E6DC}.Release|x64.ActiveCfg = Release|Any CPU
		{2BF6873C-0C41-4B5C-83CE-34D12431E6DC}.Release|x64.Build.0 = Release|Any CPU
		{2BF6873C-0C41-4B5C-83CE-34D12431E6DC}.Release|x86.ActiveCfg = Release|Any CPU
		{2BF6873C-0C41-4B5C-83CE-34D12431E6DC}.Release|x86.Build.0 = Release|Any CPU
		{8E4C1FE7-56B4-4A73-AEFC-7DC50EF1591F}.Debug|Any CPU.ActiveCfg = Debug|Any CPU
		{8E4C1FE7-56B4-4A73-AEFC-7DC50EF1591F}.Debug|Any CPU.Build.0 = Debug|Any CPU
		{8E4C1FE7-56B4-4A73-AEFC-7DC50EF1591F}.Debug|x64.ActiveCfg = Debug|Any CPU
		{8E4C1FE7-56B4-4A73-AEFC-7DC50EF1591F}.Debug|x64.Build.0 = Debug|Any CPU
		{8E4C1FE7-56B4-4A73-AEFC-7DC50EF1591F}.Debug|x86.ActiveCfg = Debug|Any CPU
		{8E4C1FE7-56B4-4A73-AEFC-7DC50EF1591F}.Debug|x86.Build.0 = Debug|Any CPU
		{8E4C1FE7-56B4-4A73-AEFC-7DC50EF1591F}.Release|Any CPU.ActiveCfg = Release|Any CPU
		{8E4C1FE7-56B4-4A73-AEFC-7DC50EF1591F}.Release|Any CPU.Build.0 = Release|Any CPU
		{8E4C1FE7-56B4-4A73-AEFC-7DC50EF1591F}.Release|x64.ActiveCfg = Release|Any CPU
		{8E4C1FE7-56B4-4A73-AEFC-7DC50EF1591F}.Release|x64.Build.0 = Release|Any CPU
		{8E4C1FE7-56B4-4A73-AEFC-7DC50EF1591F}.Release|x86.ActiveCfg = Release|Any CPU
		{8E4C1FE7-56B4-4A73-AEFC-7DC50EF1591F}.Release|x86.Build.0 = Release|Any CPU
		{4259613A-42F6-40EA-A750-5832334D6E48}.Debug|Any CPU.ActiveCfg = Debug|Any CPU
		{4259613A-42F6-40EA-A750-5832334D6E48}.Debug|Any CPU.Build.0 = Debug|Any CPU
		{4259613A-42F6-40EA-A750-5832334D6E48}.Debug|x64.ActiveCfg = Debug|Any CPU
		{4259613A-42F6-40EA-A750-5832334D6E48}.Debug|x64.Build.0 = Debug|Any CPU
		{4259613A-42F6-40EA-A750-5832334D6E48}.Debug|x86.ActiveCfg = Debug|Any CPU
		{4259613A-42F6-40EA-A750-5832334D6E48}.Debug|x86.Build.0 = Debug|Any CPU
		{4259613A-42F6-40EA-A750-5832334D6E48}.Release|Any CPU.ActiveCfg = Release|Any CPU
		{4259613A-42F6-40EA-A750-5832334D6E48}.Release|Any CPU.Build.0 = Release|Any CPU
		{4259613A-42F6-40EA-A750-5832334D6E48}.Release|x64.ActiveCfg = Release|Any CPU
		{4259613A-42F6-40EA-A750-5832334D6E48}.Release|x64.Build.0 = Release|Any CPU
		{4259613A-42F6-40EA-A750-5832334D6E48}.Release|x86.ActiveCfg = Release|Any CPU
		{4259613A-42F6-40EA-A750-5832334D6E48}.Release|x86.Build.0 = Release|Any CPU
		{1229CAB5-0201-4670-B2CF-EC4F3339B8AF}.Debug|Any CPU.ActiveCfg = Debug|Any CPU
		{1229CAB5-0201-4670-B2CF-EC4F3339B8AF}.Debug|Any CPU.Build.0 = Debug|Any CPU
		{1229CAB5-0201-4670-B2CF-EC4F3339B8AF}.Debug|x64.ActiveCfg = Debug|Any CPU
		{1229CAB5-0201-4670-B2CF-EC4F3339B8AF}.Debug|x64.Build.0 = Debug|Any CPU
		{1229CAB5-0201-4670-B2CF-EC4F3339B8AF}.Debug|x86.ActiveCfg = Debug|Any CPU
		{1229CAB5-0201-4670-B2CF-EC4F3339B8AF}.Debug|x86.Build.0 = Debug|Any CPU
		{1229CAB5-0201-4670-B2CF-EC4F3339B8AF}.Release|Any CPU.ActiveCfg = Release|Any CPU
		{1229CAB5-0201-4670-B2CF-EC4F3339B8AF}.Release|Any CPU.Build.0 = Release|Any CPU
		{1229CAB5-0201-4670-B2CF-EC4F3339B8AF}.Release|x64.ActiveCfg = Release|Any CPU
		{1229CAB5-0201-4670-B2CF-EC4F3339B8AF}.Release|x64.Build.0 = Release|Any CPU
		{1229CAB5-0201-4670-B2CF-EC4F3339B8AF}.Release|x86.ActiveCfg = Release|Any CPU
		{1229CAB5-0201-4670-B2CF-EC4F3339B8AF}.Release|x86.Build.0 = Release|Any CPU
		{3ABA50FB-F9CC-4620-B10F-233C499630B7}.Debug|Any CPU.ActiveCfg = Debug|Any CPU
		{3ABA50FB-F9CC-4620-B10F-233C499630B7}.Debug|Any CPU.Build.0 = Debug|Any CPU
		{3ABA50FB-F9CC-4620-B10F-233C499630B7}.Debug|x64.ActiveCfg = Debug|Any CPU
		{3ABA50FB-F9CC-4620-B10F-233C499630B7}.Debug|x64.Build.0 = Debug|Any CPU
		{3ABA50FB-F9CC-4620-B10F-233C499630B7}.Debug|x86.ActiveCfg = Debug|Any CPU
		{3ABA50FB-F9CC-4620-B10F-233C499630B7}.Debug|x86.Build.0 = Debug|Any CPU
		{3ABA50FB-F9CC-4620-B10F-233C499630B7}.Release|Any CPU.ActiveCfg = Release|Any CPU
		{3ABA50FB-F9CC-4620-B10F-233C499630B7}.Release|Any CPU.Build.0 = Release|Any CPU
		{3ABA50FB-F9CC-4620-B10F-233C499630B7}.Release|x64.ActiveCfg = Release|Any CPU
		{3ABA50FB-F9CC-4620-B10F-233C499630B7}.Release|x64.Build.0 = Release|Any CPU
		{3ABA50FB-F9CC-4620-B10F-233C499630B7}.Release|x86.ActiveCfg = Release|Any CPU
		{3ABA50FB-F9CC-4620-B10F-233C499630B7}.Release|x86.Build.0 = Release|Any CPU
		{CA34D37E-D672-47A4-8056-D7C1C36D1E80}.Debug|Any CPU.ActiveCfg = Debug|Any CPU
		{CA34D37E-D672-47A4-8056-D7C1C36D1E80}.Debug|Any CPU.Build.0 = Debug|Any CPU
		{CA34D37E-D672-47A4-8056-D7C1C36D1E80}.Debug|x64.ActiveCfg = Debug|Any CPU
		{CA34D37E-D672-47A4-8056-D7C1C36D1E80}.Debug|x64.Build.0 = Debug|Any CPU
		{CA34D37E-D672-47A4-8056-D7C1C36D1E80}.Debug|x86.ActiveCfg = Debug|Any CPU
		{CA34D37E-D672-47A4-8056-D7C1C36D1E80}.Debug|x86.Build.0 = Debug|Any CPU
		{CA34D37E-D672-47A4-8056-D7C1C36D1E80}.Release|Any CPU.ActiveCfg = Release|Any CPU
		{CA34D37E-D672-47A4-8056-D7C1C36D1E80}.Release|Any CPU.Build.0 = Release|Any CPU
		{CA34D37E-D672-47A4-8056-D7C1C36D1E80}.Release|x64.ActiveCfg = Release|Any CPU
		{CA34D37E-D672-47A4-8056-D7C1C36D1E80}.Release|x64.Build.0 = Release|Any CPU
		{CA34D37E-D672-47A4-8056-D7C1C36D1E80}.Release|x86.ActiveCfg = Release|Any CPU
		{CA34D37E-D672-47A4-8056-D7C1C36D1E80}.Release|x86.Build.0 = Release|Any CPU
		{2F287059-93CB-4D59-8902-4BA86663847A}.Debug|Any CPU.ActiveCfg = Debug|Any CPU
		{2F287059-93CB-4D59-8902-4BA86663847A}.Debug|Any CPU.Build.0 = Debug|Any CPU
		{2F287059-93CB-4D59-8902-4BA86663847A}.Debug|x64.ActiveCfg = Debug|Any CPU
		{2F287059-93CB-4D59-8902-4BA86663847A}.Debug|x64.Build.0 = Debug|Any CPU
		{2F287059-93CB-4D59-8902-4BA86663847A}.Debug|x86.ActiveCfg = Debug|Any CPU
		{2F287059-93CB-4D59-8902-4BA86663847A}.Debug|x86.Build.0 = Debug|Any CPU
		{2F287059-93CB-4D59-8902-4BA86663847A}.Release|Any CPU.ActiveCfg = Release|Any CPU
		{2F287059-93CB-4D59-8902-4BA86663847A}.Release|Any CPU.Build.0 = Release|Any CPU
		{2F287059-93CB-4D59-8902-4BA86663847A}.Release|x64.ActiveCfg = Release|Any CPU
		{2F287059-93CB-4D59-8902-4BA86663847A}.Release|x64.Build.0 = Release|Any CPU
		{2F287059-93CB-4D59-8902-4BA86663847A}.Release|x86.ActiveCfg = Release|Any CPU
		{2F287059-93CB-4D59-8902-4BA86663847A}.Release|x86.Build.0 = Release|Any CPU
		{B9E24D38-DB3C-4EF2-BE4F-D0652E1DA3CB}.Debug|Any CPU.ActiveCfg = Debug|Any CPU
		{B9E24D38-DB3C-4EF2-BE4F-D0652E1DA3CB}.Debug|Any CPU.Build.0 = Debug|Any CPU
		{B9E24D38-DB3C-4EF2-BE4F-D0652E1DA3CB}.Debug|x64.ActiveCfg = Debug|Any CPU
		{B9E24D38-DB3C-4EF2-BE4F-D0652E1DA3CB}.Debug|x64.Build.0 = Debug|Any CPU
		{B9E24D38-DB3C-4EF2-BE4F-D0652E1DA3CB}.Debug|x86.ActiveCfg = Debug|Any CPU
		{B9E24D38-DB3C-4EF2-BE4F-D0652E1DA3CB}.Debug|x86.Build.0 = Debug|Any CPU
		{B9E24D38-DB3C-4EF2-BE4F-D0652E1DA3CB}.Release|Any CPU.ActiveCfg = Release|Any CPU
		{B9E24D38-DB3C-4EF2-BE4F-D0652E1DA3CB}.Release|Any CPU.Build.0 = Release|Any CPU
		{B9E24D38-DB3C-4EF2-BE4F-D0652E1DA3CB}.Release|x64.ActiveCfg = Release|Any CPU
		{B9E24D38-DB3C-4EF2-BE4F-D0652E1DA3CB}.Release|x64.Build.0 = Release|Any CPU
		{B9E24D38-DB3C-4EF2-BE4F-D0652E1DA3CB}.Release|x86.ActiveCfg = Release|Any CPU
		{B9E24D38-DB3C-4EF2-BE4F-D0652E1DA3CB}.Release|x86.Build.0 = Release|Any CPU
	EndGlobalSection
	GlobalSection(NestedProjects) = preSolution
		{2F287059-93CB-4D59-8902-4BA86663847A} = {9B20FDDC-0B96-48FC-8644-BA833E89F1DD}
		{B9E24D38-DB3C-4EF2-BE4F-D0652E1DA3CB} = {9B20FDDC-0B96-48FC-8644-BA833E89F1DD}
	EndGlobalSection
EndGlobal
